
Microsoft Visual Studio Solution File, Format Version 12.00
# Visual Studio Version 17
VisualStudioVersion = 17.0.31903.59
MinimumVisualStudioVersion = 10.0.40219.1
Project("{FAE04EC0-301F-11D3-BF4B-00C04F79EFBC}") = "BombsiteAnnouncer", "BombsiteAnnouncer.csproj", "{194FC2F3-5B08-4E44-A12C-2881E2DFCC52}"
EndProject
Global
	GlobalSection(SolutionConfigurationPlatforms) = preSolution
		Debug|Any CPU = Debug|Any CPU
		Release|Any CPU = Release|Any CPU
	EndGlobalSection
	GlobalSection(SolutionProperties) = preSolution
		HideSolutionNode = FALSE
	EndGlobalSection
	GlobalSection(ProjectConfigurationPlatforms) = postSolution
		{194FC2F3-5B08-4E44-A12C-2881E2DFCC52}.Debug|Any CPU.ActiveCfg = Debug|Any CPU
		{194FC2F3-5B08-4E44-A12C-2881E2DFCC52}.Debug|Any CPU.Build.0 = Debug|Any CPU
		{194FC2F3-5B08-4E44-A12C-2881E2DFCC52}.Release|Any CPU.ActiveCfg = Release|Any CPU
		{194FC2F3-5B08-4E44-A12C-2881E2DFCC52}.Release|Any CPU.Build.0 = Release|Any CPU
	EndGlobalSection
EndGlobal
